// !$*UTF8*$!
{
	archiveVersion = 1;
	classes = {
	};
	objectVersion = 56;
	objects = {

/* Begin PBXBuildFile section */
		F33F60E62B1456D0007D4005 /* AppDelegate.swift in Sources */ = {isa = PBXBuildFile; fileRef = F33F60E52B1456D0007D4005 /* AppDelegate.swift */; };
		F33F60E82B1456D0007D4005 /* SceneDelegate.swift in Sources */ = {isa = PBXBuildFile; fileRef = F33F60E72B1456D0007D4005 /* SceneDelegate.swift */; };
		F33F60EA2B1456D0007D4005 /* ViewController.swift in Sources */ = {isa = PBXBuildFile; fileRef = F33F60E92B1456D0007D4005 /* ViewController.swift */; };
		F33F60ED2B1456D0007D4005 /* Main.storyboard in Resources */ = {isa = PBXBuildFile; fileRef = F33F60EB2B1456D0007D4005 /* Main.storyboard */; };
		F33F60F02B1456D0007D4005 /* FetchOfflineDataInDB.xcdatamodeld in Sources */ = {isa = PBXBuildFile; fileRef = F33F60EE2B1456D0007D4005 /* FetchOfflineDataInDB.xcdatamodeld */; };
		F33F60F22B1456D1007D4005 /* Assets.xcassets in Resources */ = {isa = PBXBuildFile; fileRef = F33F60F12B1456D1007D4005 /* Assets.xcassets */; };
		F33F60F52B1456D1007D4005 /* LaunchScreen.storyboard in Resources */ = {isa = PBXBuildFile; fileRef = F33F60F32B1456D1007D4005 /* LaunchScreen.storyboard */; };
		F33F60FD2B145A19007D4005 /* UserModel.swift in Sources */ = {isa = PBXBuildFile; fileRef = F33F60FC2B145A19007D4005 /* UserModel.swift */; };
		F33F61002B145DE5007D4005 /* UserCollectionViewCell.swift in Sources */ = {isa = PBXBuildFile; fileRef = F33F60FE2B145DE5007D4005 /* UserCollectionViewCell.swift */; };
		F33F61012B145DE5007D4005 /* UserCollectionViewCell.xib in Resources */ = {isa = PBXBuildFile; fileRef = F33F60FF2B145DE5007D4005 /* UserCollectionViewCell.xib */; };
		F33F61062B14A6A0007D4005 /* UserCollectionReusableView.swift in Sources */ = {isa = PBXBuildFile; fileRef = F33F61042B14A6A0007D4005 /* UserCollectionReusableView.swift */; };
		F33F61072B14A6A0007D4005 /* UserCollectionReusableView.xib in Resources */ = {isa = PBXBuildFile; fileRef = F33F61052B14A6A0007D4005 /* UserCollectionReusableView.xib */; };
		F33F61092B14D72D007D4005 /* DBmanager.swift in Sources */ = {isa = PBXBuildFile; fileRef = F33F61082B14D72D007D4005 /* DBmanager.swift */; };
/* End PBXBuildFile section */

/* Begin PBXFileReference section */
		F33F60E22B1456D0007D4005 /* FetchOfflineDataInDB.app */ = {isa = PBXFileReference; explicitFileType = wrapper.application; includeInIndex = 0; path = FetchOfflineDataInDB.app; sourceTree = BUILT_PRODUCTS_DIR; };
		F33F60E52B1456D0007D4005 /* AppDelegate.swift */ = {isa = PBXFileReference; lastKnownFileType = sourcecode.swift; path = AppDelegate.swift; sourceTree = "<group>"; };
		F33F60E72B1456D0007D4005 /* SceneDelegate.swift */ = {isa = PBXFileReference; lastKnownFileType = sourcecode.swift; path = SceneDelegate.swift; sourceTree = "<group>"; };
		F33F60E92B1456D0007D4005 /* ViewController.swift */ = {isa = PBXFileReference; lastKnownFileType = sourcecode.swift; path = ViewController.swift; sourceTree = "<group>"; };
		F33F60EC2B1456D0007D4005 /* Base */ = {isa = PBXFileReference; lastKnownFileType = file.storyboard; name = Base; path = Base.lproj/Main.storyboard; sourceTree = "<group>"; };
		F33F60EF2B1456D0007D4005 /* FetchOfflineDataInDB.xcdatamodel */ = {isa = PBXFileReference; lastKnownFileType = wrapper.xcdatamodel; path = FetchOfflineDataInDB.xcdatamodel; sourceTree = "<group>"; };
		F33F60F12B1456D1007D4005 /* Assets.xcassets */ = {isa = PBXFileReference; lastKnownFileType = folder.assetcatalog; path = Assets.xcassets; sourceTree = "<group>"; };
		F33F60F42B1456D1007D4005 /* Base */ = {isa = PBXFileReference; lastKnownFileType = file.storyboard; name = Base; path = Base.lproj/LaunchScreen.storyboard; sourceTree = "<group>"; };
		F33F60F62B1456D1007D4005 /* Info.plist */ = {isa = PBXFileReference; lastKnownFileType = text.plist.xml; path = Info.plist; sourceTree = "<group>"; };
		F33F60FC2B145A19007D4005 /* UserModel.swift */ = {isa = PBXFileReference; lastKnownFileType = sourcecode.swift; path = UserModel.swift; sourceTree = "<group>"; };
		F33F60FE2B145DE5007D4005 /* UserCollectionViewCell.swift */ = {isa = PBXFileReference; lastKnownFileType = sourcecode.swift; path = UserCollectionViewCell.swift; sourceTree = "<group>"; };
		F33F60FF2B145DE5007D4005 /* UserCollectionViewCell.xib */ = {isa = PBXFileReference; lastKnownFileType = file.xib; path = UserCollectionViewCell.xib; sourceTree = "<group>"; };
		F33F61042B14A6A0007D4005 /* UserCollectionReusableView.swift */ = {isa = PBXFileReference; lastKnownFileType = sourcecode.swift; path = UserCollectionReusableView.swift; sourceTree = "<group>"; };
		F33F61052B14A6A0007D4005 /* UserCollectionReusableView.xib */ = {isa = PBXFileReference; lastKnownFileType = file.xib; path = UserCollectionReusableView.xib; sourceTree = "<group>"; };
		F33F61082B14D72D007D4005 /* DBmanager.swift */ = {isa = PBXFileReference; lastKnownFileType = sourcecode.swift; path = DBmanager.swift; sourceTree = "<group>"; };
/* End PBXFileReference section */

/* Begin PBXFrameworksBuildPhase section */
		F33F60DF2B1456D0007D4005 /* Frameworks */ = {
			isa = PBXFrameworksBuildPhase;
			buildActionMask = 2147483647;
			files = (
			);
			runOnlyForDeploymentPostprocessing = 0;
		};
/* End PBXFrameworksBuildPhase section */

/* Begin PBXGroup section */
		F33F60D92B1456D0007D4005 = {
			isa = PBXGroup;
			children = (
				F33F60E42B1456D0007D4005 /* FetchOfflineDataInDB */,
				F33F60E32B1456D0007D4005 /* Products */,
			);
			sourceTree = "<group>";
		};
		F33F60E32B1456D0007D4005 /* Products */ = {
			isa = PBXGroup;
			children = (
				F33F60E22B1456D0007D4005 /* FetchOfflineDataInDB.app */,
			);
			name = Products;
			sourceTree = "<group>";
		};
		F33F60E42B1456D0007D4005 /* FetchOfflineDataInDB */ = {
			isa = PBXGroup;
			children = (
				F33F60E52B1456D0007D4005 /* AppDelegate.swift */,
				F33F60E72B1456D0007D4005 /* SceneDelegate.swift */,
				F33F60FC2B145A19007D4005 /* UserModel.swift */,
				F33F60E92B1456D0007D4005 /* ViewController.swift */,
				F33F60FE2B145DE5007D4005 /* UserCollectionViewCell.swift */,
				F33F60FF2B145DE5007D4005 /* UserCollectionViewCell.xib */,
				F33F61042B14A6A0007D4005 /* UserCollectionReusableView.swift */,
				F33F61052B14A6A0007D4005 /* UserCollectionReusableView.xib */,
				F33F61082B14D72D007D4005 /* DBmanager.swift */,
				F33F60F32B1456D1007D4005 /* LaunchScreen.storyboard */,
				F33F60EB2B1456D0007D4005 /* Main.storyboard */,
				F33F60F12B1456D1007D4005 /* Assets.xcassets */,
				F33F60F62B1456D1007D4005 /* Info.plist */,
				F33F60EE2B1456D0007D4005 /* FetchOfflineDataInDB.xcdatamodeld */,
			);
			path = FetchOfflineDataInDB;
			sourceTree = "<group>";
		};
/* End PBXGroup section */

/* Begin PBXNativeTarget section */
		F33F60E12B1456D0007D4005 /* FetchOfflineDataInDB */ = {
			isa = PBXNativeTarget;
			buildConfigurationList = F33F60F92B1456D1007D4005 /* Build configuration list for PBXNativeTarget "FetchOfflineDataInDB" */;
			buildPhases = (
				F33F60DE2B1456D0007D4005 /* Sources */,
				F33F60DF2B1456D0007D4005 /* Frameworks */,
				F33F60E02B1456D0007D4005 /* Resources */,
			);
			buildRules = (
			);
			dependencies = (
			);
			name = FetchOfflineDataInDB;
			productName = FetchOfflineDataInDB;
			productReference = F33F60E22B1456D0007D4005 /* FetchOfflineDataInDB.app */;
			productType = "com.apple.product-type.application";
		};
/* End PBXNativeTarget section */

/* Begin PBXProject section */
		F33F60DA2B1456D0007D4005 /* Project object */ = {
			isa = PBXProject;
			attributes = {
				BuildIndependentTargetsInParallel = 1;
				LastSwiftUpdateCheck = 1430;
				LastUpgradeCheck = 1430;
				TargetAttributes = {
					F33F60E12B1456D0007D4005 = {
						CreatedOnToolsVersion = 14.3.1;
					};
				};
			};
			buildConfigurationList = F33F60DD2B1456D0007D4005 /* Build configuration list for PBXProject "FetchOfflineDataInDB" */;
			compatibilityVersion = "Xcode 14.0";
			developmentRegion = en;
			hasScannedForEncodings = 0;
			knownRegions = (
				en,
				Base,
			);
			mainGroup = F33F60D92B1456D0007D4005;
			productRefGroup = F33F60E32B1456D0007D4005 /* Products */;
			projectDirPath = "";
			projectRoot = "";
			targets = (
				F33F60E12B1456D0007D4005 /* FetchOfflineDataInDB */,
			);
		};
/* End PBXProject section */

/* Begin PBXResourcesBuildPhase section */
		F33F60E02B1456D0007D4005 /* Resources */ = {
			isa = PBXResourcesBuildPhase;
			buildActionMask = 2147483647;
			files = (
				F33F60F52B1456D1007D4005 /* LaunchScreen.storyboard in Resources */,
				F33F61012B145DE5007D4005 /* UserCollectionViewCell.xib in Resources */,
				F33F60F22B1456D1007D4005 /* Assets.xcassets in Resources */,
				F33F60ED2B1456D0007D4005 /* Main.storyboard in Resources */,
				F33F61072B14A6A0007D4005 /* UserCollectionReusableView.xib in Resources */,
			);
			runOnlyForDeploymentPostprocessing = 0;
		};
/* End PBXResourcesBuildPhase section */

/* Begin PBXSourcesBuildPhase section */
		F33F60DE2B1456D0007D4005 /* Sources */ = {
			isa = PBXSourcesBuildPhase;
			buildActionMask = 2147483647;
			files = (
				F33F61062B14A6A0007D4005 /* UserCollectionReusableView.swift in Sources */,
				F33F60EA2B1456D0007D4005 /* ViewController.swift in Sources */,
				F33F60E62B1456D0007D4005 /* AppDelegate.swift in Sources */,
				F33F61092B14D72D007D4005 /* DBmanager.swift in Sources */,
				F33F60E82B1456D0007D4005 /* SceneDelegate.swift in Sources */,
				F33F61002B145DE5007D4005 /* UserCollectionViewCell.swift in Sources */,
				F33F60FD2B145A19007D4005 /* UserModel.swift in Sources */,
				F33F60F02B1456D0007D4005 /* FetchOfflineDataInDB.xcdatamodeld in Sources */,
			);
			runOnlyForDeploymentPostprocessing = 0;
		};
/* End PBXSourcesBuildPhase section */

/* Begin PBXVariantGroup section */
		F33F60EB2B1456D0007D4005 /* Main.storyboard */ = {
			isa = PBXVariantGroup;
			children = (
				F33F60EC2B1456D0007D4005 /* Base */,
			);
			name = Main.storyboard;
			sourceTree = "<group>";
		};
		F33F60F32B1456D1007D4005 /* LaunchScreen.storyboard */ = {
			isa = PBXVariantGroup;
			children = (
				F33F60F42B1456D1007D4005 /* Base */,
			);
			name = LaunchScreen.storyboard;
			sourceTree = "<group>";
		};
/* End PBXVariantGroup section */

/* Begin XCBuildConfiguration section */
		F33F60F72B1456D1007D4005 /* Debug */ = {
			isa = XCBuildConfiguration;
			buildSettings = {
				ALWAYS_SEARCH_USER_PATHS = NO;
				CLANG_ANALYZER_NONNULL = YES;
				CLANG_ANALYZER_NUMBER_OBJECT_CONVERSION = YES_AGGRESSIVE;
				CLANG_CXX_LANGUAGE_STANDARD = "gnu++20";
				CLANG_ENABLE_MODULES = YES;
				CLANG_ENABLE_OBJC_ARC = YES;
				CLANG_ENABLE_OBJC_WEAK = YES;
				CLANG_WARN_BLOCK_CAPTURE_AUTORELEASING = YES;
				CLANG_WARN_BOOL_CONVERSION = YES;
				CLANG_WARN_COMMA = YES;
				CLANG_WARN_CONSTANT_CONVERSION = YES;
				CLANG_WARN_DEPRECATED_OBJC_IMPLEMENTATIONS = YES;
				CLANG_WARN_DIRECT_OBJC_ISA_USAGE = YES_ERROR;
				CLANG_WARN_DOCUMENTATION_COMMENTS = YES;
				CLANG_WARN_EMPTY_BODY = YES;
				CLANG_WARN_ENUM_CONVERSION = YES;
				CLANG_WARN_INFINITE_RECURSION = YES;
				CLANG_WARN_INT_CONVERSION = YES;
				CLANG_WARN_NON_LITERAL_NULL_CONVERSION = YES;
				CLANG_WARN_OBJC_IMPLICIT_RETAIN_SELF = YES;
				CLANG_WARN_OBJC_LITERAL_CONVERSION = YES;
				CLANG_WARN_OBJC_ROOT_CLASS = YES_ERROR;
				CLANG_WARN_QUOTED_INCLUDE_IN_FRAMEWORK_HEADER = YES;
				CLANG_WARN_RANGE_LOOP_ANALYSIS = YES;
				CLANG_WARN_STRICT_PROTOTYPES = YES;
				CLANG_WARN_SUSPICIOUS_MOVE = YES;
				CLANG_WARN_UNGUARDED_AVAILABILITY = YES_AGGRESSIVE;
				CLANG_WARN_UNREACHABLE_CODE = YES;
				CLANG_WARN__DUPLICATE_METHOD_MATCH = YES;
				COPY_PHASE_STRIP = NO;
				DEBUG_INFORMATION_FORMAT = dwarf;
				ENABLE_STRICT_OBJC_MSGSEND = YES;
				ENABLE_TESTABILITY = YES;
				GCC_C_LANGUAGE_STANDARD = gnu11;
				GCC_DYNAMIC_NO_PIC = NO;
				GCC_NO_COMMON_BLOCKS = YES;
				GCC_OPTIMIZATION_LEVEL = 0;
				GCC_PREPROCESSOR_DEFINITIONS = (
					"DEBUG=1",
					"$(inherited)",
				);
				GCC_WARN_64_TO_32_BIT_CONVERSION = YES;
				GCC_WARN_ABOUT_RETURN_TYPE = YES_ERROR;
				GCC_WARN_UNDECLARED_SELECTOR = YES;
				GCC_WARN_UNINITIALIZED_AUTOS = YES_AGGRESSIVE;
				GCC_WARN_UNUSED_FUNCTION = YES;
				GCC_WARN_UNUSED_VARIABLE = YES;
				IPHONEOS_DEPLOYMENT_TARGET = 16.4;
				MTL_ENABLE_DEBUG_INFO = INCLUDE_SOURCE;
				MTL_FAST_MATH = YES;
				ONLY_ACTIVE_ARCH = YES;
				SDKROOT = iphoneos;
				SWIFT_ACTIVE_COMPILATION_CONDITIONS = DEBUG;
				SWIFT_OPTIMIZATION_LEVEL = "-Onone";
			};
			name = Debug;
		};
		F33F60F82B1456D1007D4005 /* Release */ = {
			isa = XCBuildConfiguration;
			buildSettings = {
				ALWAYS_SEARCH_USER_PATHS = NO;
				CLANG_ANALYZER_NONNULL = YES;
				CLANG_ANALYZER_NUMBER_OBJECT_CONVERSION = YES_AGGRESSIVE;
				CLANG_CXX_LANGUAGE_STANDARD = "gnu++20";
				CLANG_ENABLE_MODULES = YES;
				CLANG_ENABLE_OBJC_ARC = YES;
				CLANG_ENABLE_OBJC_WEAK = YES;
				CLANG_WARN_BLOCK_CAPTURE_AUTORELEASING = YES;
				CLANG_WARN_BOOL_CONVERSION = YES;
				CLANG_WARN_COMMA = YES;
				CLANG_WARN_CONSTANT_CONVERSION = YES;
				CLANG_WARN_DEPRECATED_OBJC_IMPLEMENTATIONS = YES;
				CLANG_WARN_DIRECT_OBJC_ISA_USAGE = YES_ERROR;
				CLANG_WARN_DOCUMENTATION_COMMENTS = YES;
				CLANG_WARN_EMPTY_BODY = YES;
				CLANG_WARN_ENUM_CONVERSION = YES;
				CLANG_WARN_INFINITE_RECURSION = YES;
				CLANG_WARN_INT_CONVERSION = YES;
				CLANG_WARN_NON_LITERAL_NULL_CONVERSION = YES;
				CLANG_WARN_OBJC_IMPLICIT_RETAIN_SELF = YES;
				CLANG_WARN_OBJC_LITERAL_CONVERSION = YES;
				CLANG_WARN_OBJC_ROOT_CLASS = YES_ERROR;
				CLANG_WARN_QUOTED_INCLUDE_IN_FRAMEWORK_HEADER = YES;
				CLANG_WARN_RANGE_LOOP_ANALYSIS = YES;
				CLANG_WARN_STRICT_PROTOTYPES = YES;
				CLANG_WARN_SUSPICIOUS_MOVE = YES;
				CLANG_WARN_UNGUARDED_AVAILABILITY = YES_AGGRESSIVE;
				CLANG_WARN_UNREACHABLE_CODE = YES;
				CLANG_WARN__DUPLICATE_METHOD_MATCH = YES;
				COPY_PHASE_STRIP = NO;
				DEBUG_INFORMATION_FORMAT = "dwarf-with-dsym";
				ENABLE_NS_ASSERTIONS = NO;
				ENABLE_STRICT_OBJC_MSGSEND = YES;
				GCC_C_LANGUAGE_STANDARD = gnu11;
				GCC_NO_COMMON_BLOCKS = YES;
				GCC_WARN_64_TO_32_BIT_CONVERSION = YES;
				GCC_WARN_ABOUT_RETURN_TYPE = YES_ERROR;
				GCC_WARN_UNDECLARED_SELECTOR = YES;
				GCC_WARN_UNINITIALIZED_AUTOS = YES_AGGRESSIVE;
				GCC_WARN_UNUSED_FUNCTION = YES;
				GCC_WARN_UNUSED_VARIABLE = YES;
				IPHONEOS_DEPLOYMENT_TARGET = 16.4;
				MTL_ENABLE_DEBUG_INFO = NO;
				MTL_FAST_MATH = YES;
				SDKROOT = iphoneos;
				SWIFT_COMPILATION_MODE = wholemodule;
				SWIFT_OPTIMIZATION_LEVEL = "-O";
				VALIDATE_PRODUCT = YES;
			};
			name = Release;
		};
		F33F60FA2B1456D1007D4005 /* Debug */ = {
			isa = XCBuildConfiguration;
			buildSettings = {
				ASSETCATALOG_COMPILER_APPICON_NAME = AppIcon;
				ASSETCATALOG_COMPILER_GLOBAL_ACCENT_COLOR_NAME = AccentColor;
				CODE_SIGN_STYLE = Automatic;
				CURRENT_PROJECT_VERSION = 1;
				GENERATE_INFOPLIST_FILE = YES;
				INFOPLIST_FILE = FetchOfflineDataInDB/Info.plist;
				INFOPLIST_KEY_UIApplicationSupportsIndirectInputEvents = YES;
				INFOPLIST_KEY_UILaunchStoryboardName = LaunchScreen;
				INFOPLIST_KEY_UIMainStoryboardFile = Main;
				INFOPLIST_KEY_UISupportedInterfaceOrientations_iPad = "UIInterfaceOrientationPortrait UIInterfaceOrientationPortraitUpsideDown UIInterfaceOrientationLandscapeLeft UIInterfaceOrientationLandscapeRight";
				INFOPLIST_KEY_UISupportedInterfaceOrientations_iPhone = "UIInterfaceOrientationPortrait UIInterfaceOrientationLandscapeLeft UIInterfaceOrientationLandscapeRight";
				LD_RUNPATH_SEARCH_PATHS = (
					"$(inherited)",
					"@executable_path/Frameworks",
				);
				MARKETING_VERSION = 1.0;
				PRODUCT_BUNDLE_IDENTIFIER = com.mycompany.FetchOfflineDataInDB;
				PRODUCT_NAME = "$(TARGET_NAME)";
				SWIFT_EMIT_LOC_STRINGS = YES;
				SWIFT_VERSION = 5.0;
				TARGETED_DEVICE_FAMILY = "1,2";
			};
			name = Debug;
		};
		F33F60FB2B1456D1007D4005 /* Release */ = {
			isa = XCBuildConfiguration;
			buildSettings = {
				ASSETCATALOG_COMPILER_APPICON_NAME = AppIcon;
				ASSETCATALOG_COMPILER_GLOBAL_ACCENT_COLOR_NAME = AccentColor;
				CODE_SIGN_STYLE = Automatic;
				CURRENT_PROJECT_VERSION = 1;
				GENERATE_INFOPLIST_FILE = YES;
				INFOPLIST_FILE = FetchOfflineDataInDB/Info.plist;
				INFOPLIST_KEY_UIApplicationSupportsIndirectInputEvents = YES;
				INFOPLIST_KEY_UILaunchStoryboardName = LaunchScreen;
				INFOPLIST_KEY_UIMainStoryboardFile = Main;
				INFOPLIST_KEY_UISupportedInterfaceOrientations_iPad = "UIInterfaceOrientationPortrait UIInterfaceOrientationPortraitUpsideDown UIInterfaceOrientationLandscapeLeft UIInterfaceOrientationLandscapeRight";
				INFOPLIST_KEY_UISupportedInterfaceOrientations_iPhone = "UIInterfaceOrientationPortrait UIInterfaceOrientationLandscapeLeft UIInterfaceOrientationLandscapeRight";
				LD_RUNPATH_SEARCH_PATHS = (
					"$(inherited)",
					"@executable_path/Frameworks",
				);
				MARKETING_VERSION = 1.0;
				PRODUCT_BUNDLE_IDENTIFIER = com.mycompany.FetchOfflineDataInDB;
				PRODUCT_NAME = "$(TARGET_NAME)";
				SWIFT_EMIT_LOC_STRINGS = YES;
				SWIFT_VERSION = 5.0;
				TARGETED_DEVICE_FAMILY = "1,2";
			};
			name = Release;
		};
/* End XCBuildConfiguration section */

/* Begin XCConfigurationList section */
		F33F60DD2B1456D0007D4005 /* Build configuration list for PBXProject "FetchOfflineDataInDB" */ = {
			isa = XCConfigurationList;
			buildConfigurations = (
				F33F60F72B1456D1007D4005 /* Debug */,
				F33F60F82B1456D1007D4005 /* Release */,
			);
			defaultConfigurationIsVisible = 0;
			defaultConfigurationName = Release;
		};
		F33F60F92B1456D1007D4005 /* Build configuration list for PBXNativeTarget "FetchOfflineDataInDB" */ = {
			isa = XCConfigurationList;
			buildConfigurations = (
				F33F60FA2B1456D1007D4005 /* Debug */,
				F33F60FB2B1456D1007D4005 /* Release */,
			);
			defaultConfigurationIsVisible = 0;
			defaultConfigurationName = Release;
		};
/* End XCConfigurationList section */

/* Begin XCVersionGroup section */
		F33F60EE2B1456D0007D4005 /* FetchOfflineDataInDB.xcdatamodeld */ = {
			isa = XCVersionGroup;
			children = (
				F33F60EF2B1456D0007D4005 /* FetchOfflineDataInDB.xcdatamodel */,
			);
			currentVersion = F33F60EF2B1456D0007D4005 /* FetchOfflineDataInDB.xcdatamodel */;
			path = FetchOfflineDataInDB.xcdatamodeld;
			sourceTree = "<group>";
			versionGroupType = wrapper.xcdatamodel;
		};
/* End XCVersionGroup section */
	};
	rootObject = F33F60DA2B1456D0007D4005 /* Project object */;
}
